github.com/google/go-cmp v0.6.0 h1:ofyhxvXcZhMsU5ulbFiLKl/XBFqE1GSq7atu8tAmTRI=
github.com/google/go-cmp v0.6.0/go.mod h1:17dUlkBOakJ0+DkrSSNjCkIjxS6bF9zb3elmeNGIjoY=
github.com/pkg/errors v0.9.1 h1:FEBLx1zS214owpjy7qsBeixbURkuhQAwrK5UwLGTwt4=
github.com/pkg/errors v0.9.1/go.mod h1:bwawxfHBFNV+L2hUp1rHADufV3IMtnDRdf1r5NINEl0=
golang.org/x/exp v0.0.0-20241009180824-f66d83c29e7c h1:7dEasQXItcW1xKJ2+gg5VOiBnqWrJc+rq0DPKyvvdbY=
golang.org/x/exp v0.0.0-20241009180824-f66d83c29e7c/go.mod h1:NQtJDoLvd6faHhE7m4T/1IY708gDefGGjR/iUW8yQQ8=
gonum.org/v1/gonum v0.15.1 h1:FNy7N6OUZVUaWG9pTiD+jlhdQ3lMP+/LcTpJ6+a8sQ0=
gonum.org/v1/gonum v0.15.1/go.mod h1:eZTZuRFrzu5pcyjN5wJhcIhnUdNijYxX1T2IcrOGY0o=
gotest.tools v2.2.0+incompatible h1:VsBPFP1AI068pPrMxtb/S8Zkgf9xEmTLJjfM+P5UIEo=
gotest.tools v2.2.0+incompatible/go.mod h1:DsYFclhRJ6vuDpmuTbkuFWG+y2sxOXAzmJt81HFBacw=
